
Microsoft Visual Studio Solution File, Format Version 12.00
Project("{FAE04EC0-301F-11D3-BF4B-00C04F79EFBC}") = "Domain", "Domain\Domain.csproj", "{9126DC7B-420E-4665-AA5F-46AD3DDCD441}"
EndProject
Project("{FAE04EC0-301F-11D3-BF4B-00C04F79EFBC}") = "Domain.Core", "Domain.Core\Domain.Core.csproj", "{7DCF46CD-6CFB-4C88-A849-48A280335034}"
EndProject
Global
	GlobalSection(SolutionConfigurationPlatforms) = preSolution
		Debug|Any CPU = Debug|Any CPU
		Release|Any CPU = Release|Any CPU
	EndGlobalSection
	GlobalSection(ProjectConfigurationPlatforms) = postSolution
		{9126DC7B-420E-4665-AA5F-46AD3DDCD441}.Debug|Any CPU.ActiveCfg = Debug|Any CPU
		{9126DC7B-420E-4665-AA5F-46AD3DDCD441}.Debug|Any CPU.Build.0 = Debug|Any CPU
		{9126DC7B-420E-4665-AA5F-46AD3DDCD441}.Release|Any CPU.ActiveCfg = Release|Any CPU
		{9126DC7B-420E-4665-AA5F-46AD3DDCD441}.Release|Any CPU.Build.0 = Release|Any CPU
		{7DCF46CD-6CFB-4C88-A849-48A280335034}.Debug|Any CPU.ActiveCfg = Debug|Any CPU
		{7DCF46CD-6CFB-4C88-A849-48A280335034}.Debug|Any CPU.Build.0 = Debug|Any CPU
		{7DCF46CD-6CFB-4C88-A849-48A280335034}.Release|Any CPU.ActiveCfg = Release|Any CPU
		{7DCF46CD-6CFB-4C88-A849-48A280335034}.Release|Any CPU.Build.0 = Release|Any CPU
	EndGlobalSection
EndGlobal
